// !$*UTF8*$!
{
	archiveVersion = 1;
	classes = {
	};
	objectVersion = 46;
	objects = {

/* Begin PBXBuildFile section */
		2D6BD1572200B6BE000FBCB5 /* Committees.plist in Resources */ = {isa = PBXBuildFile; fileRef = 2D6BD1562200B6BE000FBCB5 /* Committees.plist */; };
		6501997A1E64F084003BB3FE /* CommitteesDetailTableViewController.swift in Sources */ = {isa = PBXBuildFile; fileRef = 650199791E64F084003BB3FE /* CommitteesDetailTableViewController.swift */; };
		65067AA71E28513700750469 /* CommitteesTableViewController.swift in Sources */ = {isa = PBXBuildFile; fileRef = 65067AA61E28513700750469 /* CommitteesTableViewController.swift */; };
		65067AAD1E2A4BCC00750469 /* RulesTableViewController.swift in Sources */ = {isa = PBXBuildFile; fileRef = 65067AAC1E2A4BCC00750469 /* RulesTableViewController.swift */; };
		65067AB51E2AA35100750469 /* black.png in Resources */ = {isa = PBXBuildFile; fileRef = 65067AAE1E2AA35100750469 /* black.png */; };
		65067AB61E2AA35100750469 /* green.png in Resources */ = {isa = PBXBuildFile; fileRef = 65067AAF1E2AA35100750469 /* green.png */; };
		65067AB71E2AA35100750469 /* orange.png in Resources */ = {isa = PBXBuildFile; fileRef = 65067AB01E2AA35100750469 /* orange.png */; };
		65067AB81E2AA35100750469 /* porgmun.png in Resources */ = {isa = PBXBuildFile; fileRef = 65067AB11E2AA35100750469 /* porgmun.png */; };
		65067AB91E2AA35100750469 /* purple.png in Resources */ = {isa = PBXBuildFile; fileRef = 65067AB21E2AA35100750469 /* purple.png */; };
		65067ABA1E2AA35100750469 /* red.png in Resources */ = {isa = PBXBuildFile; fileRef = 65067AB31E2AA35100750469 /* red.png */; };
		65067ABB1E2AA35100750469 /* yellow.png in Resources */ = {isa = PBXBuildFile; fileRef = 65067AB41E2AA35100750469 /* yellow.png */; };
		65067AC11E2AFC7900750469 /* RulesDetailViewController.swift in Sources */ = {isa = PBXBuildFile; fileRef = 65067AC01E2AFC7900750469 /* RulesDetailViewController.swift */; };
		65067AC31E2B884400750469 /* Ban-Ki-moon.jpg in Resources */ = {isa = PBXBuildFile; fileRef = 65067AC21E2B884400750469 /* Ban-Ki-moon.jpg */; };
		650DAD881E57A0BE0082A9B4 /* logo@2x.png in Resources */ = {isa = PBXBuildFile; fileRef = 650DAD871E57A0BE0082A9B4 /* logo@2x.png */; };
		651901811E7590DE009C5A64 /* MyriadPro-Regular.otf in Resources */ = {isa = PBXBuildFile; fileRef = 651901801E7590DE009C5A64 /* MyriadPro-Regular.otf */; };
		6519686D1E27914200F0CD7D /* NovyPorg.gpx in Resources */ = {isa = PBXBuildFile; fileRef = 6519686C1E27914200F0CD7D /* NovyPorg.gpx */; };
		654AE4A51E4BD13B00564EB4 /* TabBarController.swift in Sources */ = {isa = PBXBuildFile; fileRef = 654AE4A41E4BD13B00564EB4 /* TabBarController.swift */; };
		65587BC61E7596D100855365 /* MyriadPro-Semibold.ttf in Resources */ = {isa = PBXBuildFile; fileRef = 651901821E7591EB009C5A64 /* MyriadPro-Semibold.ttf */; };
		65587BC81E75970F00855365 /* MyriadPro-Italic.ttf in Resources */ = {isa = PBXBuildFile; fileRef = 65587BC71E75970F00855365 /* MyriadPro-Italic.ttf */; };
		65587BCA1E759DAB00855365 /* ConferenceThemeViewController.swift in Sources */ = {isa = PBXBuildFile; fileRef = 65587BC91E759DAB00855365 /* ConferenceThemeViewController.swift */; };
		655E39B61E2F80EC00DE1F75 /* MapPointDetailViewController.swift in Sources */ = {isa = PBXBuildFile; fileRef = 655E39B51E2F80EC00DE1F75 /* MapPointDetailViewController.swift */; };
		65ACAB5A1E628C4E002F0376 /* NewsViewController.swift in Sources */ = {isa = PBXBuildFile; fileRef = 65ACAB591E628C4D002F0376 /* NewsViewController.swift */; };
		65C3F3591E271456002F5052 /* AppDelegate.swift in Sources */ = {isa = PBXBuildFile; fileRef = 65C3F3581E271456002F5052 /* AppDelegate.swift */; };
		65C3F35D1E271456002F5052 /* AgendaViewController.swift in Sources */ = {isa = PBXBuildFile; fileRef = 65C3F35C1E271456002F5052 /* AgendaViewController.swift */; };
		65C3F3601E271456002F5052 /* Main.storyboard in Resources */ = {isa = PBXBuildFile; fileRef = 65C3F35E1E271456002F5052 /* Main.storyboard */; };
		65C3F3621E271456002F5052 /* Assets.xcassets in Resources */ = {isa = PBXBuildFile; fileRef = 65C3F3611E271456002F5052 /* Assets.xcassets */; };
		65CA8BFD20507EB600737854 /* calendar.png in Resources */ = {isa = PBXBuildFile; fileRef = 65CA8BFC20507EB600737854 /* calendar.png */; };
		65CA8BFF20507EC800737854 /* newspaper.png in Resources */ = {isa = PBXBuildFile; fileRef = 65CA8BFE20507EC700737854 /* newspaper.png */; };
		65CA8C0120507ECD00737854 /* id-card.png in Resources */ = {isa = PBXBuildFile; fileRef = 65CA8C0020507ECD00737854 /* id-card.png */; };
		65CA8C0320507ED400737854 /* hand-shake.png in Resources */ = {isa = PBXBuildFile; fileRef = 65CA8C0220507ED400737854 /* hand-shake.png */; };
		65CA8C0520507EDB00737854 /* document.png in Resources */ = {isa = PBXBuildFile; fileRef = 65CA8C0420507EDA00737854 /* document.png */; };
		65CA8C0720507EE200737854 /* speaker-electric.png in Resources */ = {isa = PBXBuildFile; fileRef = 65CA8C0620507EE200737854 /* speaker-electric.png */; };
		65CA8C0920507EEA00737854 /* text-left.png in Resources */ = {isa = PBXBuildFile; fileRef = 65CA8C0820507EEA00737854 /* text-left.png */; };
		65CA8C0B20507EF000737854 /* earth-usa.png in Resources */ = {isa = PBXBuildFile; fileRef = 65CA8C0A20507EF000737854 /* earth-usa.png */; };
		65CA8C1120509B9400737854 /* ProximaNova-Regular.otf in Resources */ = {isa = PBXBuildFile; fileRef = 65CA8C0E20509B9300737854 /* ProximaNova-Regular.otf */; };
		65CA8C1220509B9400737854 /* ProximaNova-RegularIt.otf in Resources */ = {isa = PBXBuildFile; fileRef = 65CA8C0F20509B9300737854 /* ProximaNova-RegularIt.otf */; };
		65CA8C1320509B9400737854 /* ProximaNova-Semibold.otf in Resources */ = {isa = PBXBuildFile; fileRef = 65CA8C1020509B9400737854 /* ProximaNova-Semibold.otf */; };
		65CA8C182051633900737854 /* logo-black@2x.png in Resources */ = {isa = PBXBuildFile; fileRef = 65CA8C172051633900737854 /* logo-black@2x.png */; };
		65CA8C3220517EF600737854 /* fa-book@3x.png in Resources */ = {isa = PBXBuildFile; fileRef = 65CA8C2D20517EF400737854 /* fa-book@3x.png */; };
		65CA8C3320517EF600737854 /* fa-id@2x.png in Resources */ = {isa = PBXBuildFile; fileRef = 65CA8C2E20517EF400737854 /* fa-id@2x.png */; };
		65CA8C3420517EF600737854 /* fa-newspaper@2x.png in Resources */ = {isa = PBXBuildFile; fileRef = 65CA8C2F20517EF500737854 /* fa-newspaper@2x.png */; };
		65CA8C3520517EF600737854 /* fa-calendar@3x.png in Resources */ = {isa = PBXBuildFile; fileRef = 65CA8C3020517EF500737854 /* fa-calendar@3x.png */; };
		65CA8C3620517EF600737854 /* fa-handshake@2x.png in Resources */ = {isa = PBXBuildFile; fileRef = 65CA8C3120517EF600737854 /* fa-handshake@2x.png */; };
		65CA8C3820518F7200737854 /* fa-location@3x.png in Resources */ = {isa = PBXBuildFile; fileRef = 65CA8C3720518F7100737854 /* fa-location@3x.png */; };
		65CA8C3A2051C87D00737854 /* feather-globe@3x.png in Resources */ = {isa = PBXBuildFile; fileRef = 65CA8C392051C87D00737854 /* feather-globe@3x.png */; };
		65CA8C47205304BD00737854 /* al.jpg in Resources */ = {isa = PBXBuildFile; fileRef = 65CA8C3C205304BB00737854 /* al.jpg */; };
		65CA8C48205304BD00737854 /* specpol.jpg in Resources */ = {isa = PBXBuildFile; fileRef = 65CA8C3D205304BB00737854 /* specpol.jpg */; };
		65CA8C49205304BD00737854 /* hsc.jpg in Resources */ = {isa = PBXBuildFile; fileRef = 65CA8C3E205304BC00737854 /* hsc.jpg */; };
		65CA8C4A205304BD00737854 /* disec.jpg in Resources */ = {isa = PBXBuildFile; fileRef = 65CA8C3F205304BC00737854 /* disec.jpg */; };
		65CA8C4B205304BD00737854 /* sc.jpg in Resources */ = {isa = PBXBuildFile; fileRef = 65CA8C40205304BC00737854 /* sc.jpg */; };
		65CA8C4C205304BD00737854 /* icj.jpg in Resources */ = {isa = PBXBuildFile; fileRef = 65CA8C41205304BC00737854 /* icj.jpg */; };
		65CA8C4D205304BD00737854 /* imf.jpg in Resources */ = {isa = PBXBuildFile; fileRef = 65CA8C42205304BC00737854 /* imf.jpg */; };
		65CA8C4E205304BD00737854 /* ecosoc.jpg in Resources */ = {isa = PBXBuildFile; fileRef = 65CA8C43205304BD00737854 /* ecosoc.jpg */; };
		65CA8C4F205304BD00737854 /* au.jpg in Resources */ = {isa = PBXBuildFile; fileRef = 65CA8C44205304BD00737854 /* au.jpg */; };
		65CA8C50205304BD00737854 /* legal.jpg in Resources */ = {isa = PBXBuildFile; fileRef = 65CA8C45205304BD00737854 /* legal.jpg */; };
		65CA8C51205304BD00737854 /* hrc.jpg in Resources */ = {isa = PBXBuildFile; fileRef = 65CA8C46205304BD00737854 /* hrc.jpg */; };
		65CA8C53205364D900737854 /* TopicDetailTableViewController.swift in Sources */ = {isa = PBXBuildFile; fileRef = 65CA8C52205364D900737854 /* TopicDetailTableViewController.swift */; };
		65CA8C7F2053FBC300737854 /* leah.jpg in Resources */ = {isa = PBXBuildFile; fileRef = 65CA8C792053FBC200737854 /* leah.jpg */; };
		65CA8C802053FBC300737854 /* josef.jpg in Resources */ = {isa = PBXBuildFile; fileRef = 65CA8C7A2053FBC200737854 /* josef.jpg */; };
		65CA8C812053FBC300737854 /* bara.jpg in Resources */ = {isa = PBXBuildFile; fileRef = 65CA8C7B2053FBC200737854 /* bara.jpg */; };
		65CA8C822053FBC300737854 /* sara.jpg in Resources */ = {isa = PBXBuildFile; fileRef = 65CA8C7C2053FBC300737854 /* sara.jpg */; };
		65CA8C832053FBC300737854 /* simon.jpg in Resources */ = {isa = PBXBuildFile; fileRef = 65CA8C7D2053FBC300737854 /* simon.jpg */; };
		65CA8C842053FBC300737854 /* valentyna.jpg in Resources */ = {isa = PBXBuildFile; fileRef = 65CA8C7E2053FBC300737854 /* valentyna.jpg */; };
		65CA8C86205401A400737854 /* bara-leah.jpg in Resources */ = {isa = PBXBuildFile; fileRef = 65CA8C85205401A400737854 /* bara-leah.jpg */; };
		65CA8C882054029A00737854 /* barnes.jpg in Resources */ = {isa = PBXBuildFile; fileRef = 65CA8C872054029900737854 /* barnes.jpg */; };
		65CA8C892054098E00737854 /* ProximaNova-Bold.otf in Resources */ = {isa = PBXBuildFile; fileRef = 65CA8C1420509FB800737854 /* ProximaNova-Bold.otf */; };
		65CA8C9D2054226F00737854 /* ecosoc2.pdf in Resources */ = {isa = PBXBuildFile; fileRef = 65CA8C8C2054226900737854 /* ecosoc2.pdf */; };
		65CA8C9E2054226F00737854 /* specpol1.pdf in Resources */ = {isa = PBXBuildFile; fileRef = 65CA8C8D2054226A00737854 /* specpol1.pdf */; };
		65CA8C9F2054226F00737854 /* disec2.pdf in Resources */ = {isa = PBXBuildFile; fileRef = 65CA8C8E2054226A00737854 /* disec2.pdf */; };
		65CA8CA02054226F00737854 /* imf2.pdf in Resources */ = {isa = PBXBuildFile; fileRef = 65CA8C8F2054226B00737854 /* imf2.pdf */; };
		65CA8CA12054226F00737854 /* hsc1.pdf in Resources */ = {isa = PBXBuildFile; fileRef = 65CA8C902054226B00737854 /* hsc1.pdf */; };
		65CA8CA22054226F00737854 /* au1.pdf in Resources */ = {isa = PBXBuildFile; fileRef = 65CA8C912054226C00737854 /* au1.pdf */; };
		65CA8CA32054226F00737854 /* hrc1.pdf in Resources */ = {isa = PBXBuildFile; fileRef = 65CA8C922054226C00737854 /* hrc1.pdf */; };
		65CA8CA42054226F00737854 /* al2.pdf in Resources */ = {isa = PBXBuildFile; fileRef = 65CA8C932054226C00737854 /* al2.pdf */; };
		65CA8CA52054226F00737854 /* au2.pdf in Resources */ = {isa = PBXBuildFile; fileRef = 65CA8C942054226C00737854 /* au2.pdf */; };
		65CA8CA62054226F00737854 /* imf1.pdf in Resources */ = {isa = PBXBuildFile; fileRef = 65CA8C952054226C00737854 /* imf1.pdf */; };
		65CA8CA72054226F00737854 /* disec1.pdf in Resources */ = {isa = PBXBuildFile; fileRef = 65CA8C962054226D00737854 /* disec1.pdf */; };
		65CA8CA82054226F00737854 /* legal2.pdf in Resources */ = {isa = PBXBuildFile; fileRef = 65CA8C972054226D00737854 /* legal2.pdf */; };
		65CA8CA92054226F00737854 /* specpol2.pdf in Resources */ = {isa = PBXBuildFile; fileRef = 65CA8C982054226D00737854 /* specpol2.pdf */; };
		65CA8CAA2054226F00737854 /* al1.pdf in Resources */ = {isa = PBXBuildFile; fileRef = 65CA8C992054226D00737854 /* al1.pdf */; };
		65CA8CAB2054226F00737854 /* hrc2.pdf in Resources */ = {isa = PBXBuildFile; fileRef = 65CA8C9A2054226D00737854 /* hrc2.pdf */; };
		65CA8CAC2054226F00737854 /* ecosoc1.pdf in Resources */ = {isa = PBXBuildFile; fileRef = 65CA8C9B2054226E00737854 /* ecosoc1.pdf */; };
		65CA8CAD2054226F00737854 /* legal1.pdf in Resources */ = {isa = PBXBuildFile; fileRef = 65CA8C9C2054226F00737854 /* legal1.pdf */; };
		65CA8CB12054362C00737854 /* fa-facebook@3x.png in Resources */ = {isa = PBXBuildFile; fileRef = 65CA8CAE2054362B00737854 /* fa-facebook@3x.png */; };
		65CA8CB22054362C00737854 /* fa-instagram@3x.png in Resources */ = {isa = PBXBuildFile; fileRef = 65CA8CAF2054362B00737854 /* fa-instagram@3x.png */; };
		65CA8CB32054362C00737854 /* fa-twitter@3x.png in Resources */ = {isa = PBXBuildFile; fileRef = 65CA8CB02054362C00737854 /* fa-twitter@3x.png */; };
		65E6E84B1E4BF76C00BE0E9F /* ContactsTableViewController.swift in Sources */ = {isa = PBXBuildFile; fileRef = 65E6E84A1E4BF76C00BE0E9F /* ContactsTableViewController.swift */; };
		8591D4187AF0F2F01EAA5FC5 /* Pods_PORGMUN.framework in Frameworks */ = {isa = PBXBuildFile; fileRef = 18BB6F1C23FEB2BB1618D0B8 /* Pods_PORGMUN.framework */; };
/* End PBXBuildFile section */

/* Begin PBXFileReference section */
		140A7D1DF4ED71AF8E2E8BA4 /* Pods-PORGMUN.release.xcconfig */ = {isa = PBXFileReference; includeInIndex = 1; lastKnownFileType = text.xcconfig; name = "Pods-PORGMUN.release.xcconfig"; path = "Pods/Target Support Files/Pods-PORGMUN/Pods-PORGMUN.release.xcconfig"; sourceTree = "<group>"; };
		18BB6F1C23FEB2BB1618D0B8 /* Pods_PORGMUN.framework */ = {isa = PBXFileReference; explicitFileType = wrapper.framework; includeInIndex = 0; path = Pods_PORGMUN.framework; sourceTree = BUILT_PRODUCTS_DIR; };
		2D6BD1562200B6BE000FBCB5 /* Committees.plist */ = {isa = PBXFileReference; lastKnownFileType = text.plist.xml; path = Committees.plist; sourceTree = "<group>"; };
		327DABDA035B4B6650C04059 /* Pods-PORGMUN.debug.xcconfig */ = {isa = PBXFileReference; includeInIndex = 1; lastKnownFileType = text.xcconfig; name = "Pods-PORGMUN.debug.xcconfig"; path = "Pods/Target Support Files/Pods-PORGMUN/Pods-PORGMUN.debug.xcconfig"; sourceTree = "<group>"; };
		650199791E64F084003BB3FE /* CommitteesDetailTableViewController.swift */ = {isa = PBXFileReference; fileEncoding = 4; lastKnownFileType = sourcecode.swift; path = CommitteesDetailTableViewController.swift; sourceTree = "<group>"; };
		65067AA61E28513700750469 /* CommitteesTableViewController.swift */ = {isa = PBXFileReference; fileEncoding = 4; lastKnownFileType = sourcecode.swift; path = CommitteesTableViewController.swift; sourceTree = "<group>"; };
		65067AAC1E2A4BCC00750469 /* RulesTableViewController.swift */ = {isa = PBXFileReference; fileEncoding = 4; lastKnownFileType = sourcecode.swift; path = RulesTableViewController.swift; sourceTree = "<group>"; };
		65067AAE1E2AA35100750469 /* black.png */ = {isa = PBXFileReference; lastKnownFileType = image.png; path = black.png; sourceTree = "<group>"; };
		65067AAF1E2AA35100750469 /* green.png */ = {isa = PBXFileReference; lastKnownFileType = image.png; path = green.png; sourceTree = "<group>"; };
		65067AB01E2AA35100750469 /* orange.png */ = {isa = PBXFileReference; lastKnownFileType = image.png; path = orange.png; sourceTree = "<group>"; };
		65067AB11E2AA35100750469 /* porgmun.png */ = {isa = PBXFileReference; lastKnownFileType = image.png; path = porgmun.png; sourceTree = "<group>"; };
		65067AB21E2AA35100750469 /* purple.png */ = {isa = PBXFileReference; lastKnownFileType = image.png; path = purple.png; sourceTree = "<group>"; };
		65067AB31E2AA35100750469 /* red.png */ = {isa = PBXFileReference; lastKnownFileType = image.png; path = red.png; sourceTree = "<group>"; };
		65067AB41E2AA35100750469 /* yellow.png */ = {isa = PBXFileReference; lastKnownFileType = image.png; path = yellow.png; sourceTree = "<group>"; };
		65067AC01E2AFC7900750469 /* RulesDetailViewController.swift */ = {isa = PBXFileReference; fileEncoding = 4; lastKnownFileType = sourcecode.swift; path = RulesDetailViewController.swift; sourceTree = "<group>"; };
		65067AC21E2B884400750469 /* Ban-Ki-moon.jpg */ = {isa = PBXFileReference; lastKnownFileType = image.jpeg; path = "Ban-Ki-moon.jpg"; sourceTree = "<group>"; };
		650DAD871E57A0BE0082A9B4 /* logo@2x.png */ = {isa = PBXFileReference; lastKnownFileType = image.png; path = "logo@2x.png"; sourceTree = "<group>"; };
		651901801E7590DE009C5A64 /* MyriadPro-Regular.otf */ = {isa = PBXFileReference; lastKnownFileType = file; path = "MyriadPro-Regular.otf"; sourceTree = "<group>"; };
		651901821E7591EB009C5A64 /* MyriadPro-Semibold.ttf */ = {isa = PBXFileReference; lastKnownFileType = file; path = "MyriadPro-Semibold.ttf"; sourceTree = "<group>"; };
		6519686C1E27914200F0CD7D /* NovyPorg.gpx */ = {isa = PBXFileReference; fileEncoding = 4; lastKnownFileType = text.xml; path = NovyPorg.gpx; sourceTree = "<group>"; };
		654AE4A41E4BD13B00564EB4 /* TabBarController.swift */ = {isa = PBXFileReference; fileEncoding = 4; lastKnownFileType = sourcecode.swift; path = TabBarController.swift; sourceTree = "<group>"; };
		65587BC71E75970F00855365 /* MyriadPro-Italic.ttf */ = {isa = PBXFileReference; lastKnownFileType = file; path = "MyriadPro-Italic.ttf"; sourceTree = "<group>"; };
		65587BC91E759DAB00855365 /* ConferenceThemeViewController.swift */ = {isa = PBXFileReference; fileEncoding = 4; lastKnownFileType = sourcecode.swift; path = ConferenceThemeViewController.swift; sourceTree = "<group>"; };
		655E39B51E2F80EC00DE1F75 /* MapPointDetailViewController.swift */ = {isa = PBXFileReference; fileEncoding = 4; lastKnownFileType = sourcecode.swift; path = MapPointDetailViewController.swift; sourceTree = "<group>"; };
		65ACAB591E628C4D002F0376 /* NewsViewController.swift */ = {isa = PBXFileReference; fileEncoding = 4; lastKnownFileType = sourcecode.swift; path = NewsViewController.swift; sourceTree = "<group>"; };
		65C3F3551E271456002F5052 /* PORGMUN.app */ = {isa = PBXFileReference; explicitFileType = wrapper.application; includeInIndex = 0; path = PORGMUN.app; sourceTree = BUILT_PRODUCTS_DIR; };
		65C3F3581E271456002F5052 /* AppDelegate.swift */ = {isa = PBXFileReference; lastKnownFileType = sourcecode.swift; path = AppDelegate.swift; sourceTree = "<group>"; };
		65C3F35C1E271456002F5052 /* AgendaViewController.swift */ = {isa = PBXFileReference; lastKnownFileType = sourcecode.swift; path = AgendaViewController.swift; sourceTree = "<group>"; };
		65C3F35F1E271456002F5052 /* Base */ = {isa = PBXFileReference; lastKnownFileType = file.storyboard; name = Base; path = Base.lproj/Main.storyboard; sourceTree = "<group>"; };
		65C3F3611E271456002F5052 /* Assets.xcassets */ = {isa = PBXFileReference; lastKnownFileType = folder.assetcatalog; path = Assets.xcassets; sourceTree = "<group>"; };
		65C3F3661E271456002F5052 /* Info.plist */ = {isa = PBXFileReference; lastKnownFileType = text.plist.xml; path = Info.plist; sourceTree = "<group>"; };
		65CA8BFC20507EB600737854 /* calendar.png */ = {isa = PBXFileReference; lastKnownFileType = image.png; path = calendar.png; sourceTree = "<group>"; };
		65CA8BFE20507EC700737854 /* newspaper.png */ = {isa = PBXFileReference; lastKnownFileType = image.png; path = newspaper.png; sourceTree = "<group>"; };
		65CA8C0020507ECD00737854 /* id-card.png */ = {isa = PBXFileReference; lastKnownFileType = image.png; path = "id-card.png"; sourceTree = "<group>"; };
		65CA8C0220507ED400737854 /* hand-shake.png */ = {isa = PBXFileReference; lastKnownFileType = image.png; path = "hand-shake.png"; sourceTree = "<group>"; };
		65CA8C0420507EDA00737854 /* document.png */ = {isa = PBXFileReference; lastKnownFileType = image.png; path = document.png; sourceTree = "<group>"; };
		65CA8C0620507EE200737854 /* speaker-electric.png */ = {isa = PBXFileReference; lastKnownFileType = image.png; path = "speaker-electric.png"; sourceTree = "<group>"; };
		65CA8C0820507EEA00737854 /* text-left.png */ = {isa = PBXFileReference; lastKnownFileType = image.png; path = "text-left.png"; sourceTree = "<group>"; };
		65CA8C0A20507EF000737854 /* earth-usa.png */ = {isa = PBXFileReference; lastKnownFileType = image.png; path = "earth-usa.png"; sourceTree = "<group>"; };
		65CA8C0E20509B9300737854 /* ProximaNova-Regular.otf */ = {isa = PBXFileReference; lastKnownFileType = file; path = "ProximaNova-Regular.otf"; sourceTree = "<group>"; };
		65CA8C0F20509B9300737854 /* ProximaNova-RegularIt.otf */ = {isa = PBXFileReference; lastKnownFileType = file; path = "ProximaNova-RegularIt.otf"; sourceTree = "<group>"; };
		65CA8C1020509B9400737854 /* ProximaNova-Semibold.otf */ = {isa = PBXFileReference; lastKnownFileType = file; path = "ProximaNova-Semibold.otf"; sourceTree = "<group>"; };
		65CA8C1420509FB800737854 /* ProximaNova-Bold.otf */ = {isa = PBXFileReference; lastKnownFileType = file; path = "ProximaNova-Bold.otf"; sourceTree = "<group>"; };
		65CA8C172051633900737854 /* logo-black@2x.png */ = {isa = PBXFileReference; lastKnownFileType = image.png; path = "logo-black@2x.png"; sourceTree = "<group>"; };
		65CA8C2D20517EF400737854 /* fa-book@3x.png */ = {isa = PBXFileReference; lastKnownFileType = image.png; path = "fa-book@3x.png"; sourceTree = "<group>"; };
		65CA8C2E20517EF400737854 /* fa-id@2x.png */ = {isa = PBXFileReference; lastKnownFileType = image.png; path = "fa-id@2x.png"; sourceTree = "<group>"; };
		65CA8C2F20517EF500737854 /* fa-newspaper@2x.png */ = {isa = PBXFileReference; lastKnownFileType = image.png; path = "fa-newspaper@2x.png"; sourceTree = "<group>"; };
		65CA8C3020517EF500737854 /* fa-calendar@3x.png */ = {isa = PBXFileReference; lastKnownFileType = image.png; path = "fa-calendar@3x.png"; sourceTree = "<group>"; };
		65CA8C3120517EF600737854 /* fa-handshake@2x.png */ = {isa = PBXFileReference; lastKnownFileType = image.png; path = "fa-handshake@2x.png"; sourceTree = "<group>"; };
		65CA8C3720518F7100737854 /* fa-location@3x.png */ = {isa = PBXFileReference; lastKnownFileType = image.png; path = "fa-location@3x.png"; sourceTree = "<group>"; };
		65CA8C392051C87D00737854 /* feather-globe@3x.png */ = {isa = PBXFileReference; lastKnownFileType = image.png; path = "feather-globe@3x.png"; sourceTree = "<group>"; };
		65CA8C3C205304BB00737854 /* al.jpg */ = {isa = PBXFileReference; lastKnownFileType = image.jpeg; path = al.jpg; sourceTree = "<group>"; };
		65CA8C3D205304BB00737854 /* specpol.jpg */ = {isa = PBXFileReference; lastKnownFileType = image.jpeg; path = specpol.jpg; sourceTree = "<group>"; };
		65CA8C3E205304BC00737854 /* hsc.jpg */ = {isa = PBXFileReference; lastKnownFileType = image.jpeg; path = hsc.jpg; sourceTree = "<group>"; };
		65CA8C3F205304BC00737854 /* disec.jpg */ = {isa = PBXFileReference; lastKnownFileType = image.jpeg; path = disec.jpg; sourceTree = "<group>"; };
		65CA8C40205304BC00737854 /* sc.jpg */ = {isa = PBXFileReference; lastKnownFileType = image.jpeg; path = sc.jpg; sourceTree = "<group>"; };
		65CA8C41205304BC00737854 /* icj.jpg */ = {isa = PBXFileReference; lastKnownFileType = image.jpeg; path = icj.jpg; sourceTree = "<group>"; };
		65CA8C42205304BC00737854 /* imf.jpg */ = {isa = PBXFileReference; lastKnownFileType = image.jpeg; path = imf.jpg; sourceTree = "<group>"; };
		65CA8C43205304BD00737854 /* ecosoc.jpg */ = {isa = PBXFileReference; lastKnownFileType = image.jpeg; path = ecosoc.jpg; sourceTree = "<group>"; };
		65CA8C44205304BD00737854 /* au.jpg */ = {isa = PBXFileReference; lastKnownFileType = image.jpeg; path = au.jpg; sourceTree = "<group>"; };
		65CA8C45205304BD00737854 /* legal.jpg */ = {isa = PBXFileReference; lastKnownFileType = image.jpeg; path = legal.jpg; sourceTree = "<group>"; };
		65CA8C46205304BD00737854 /* hrc.jpg */ = {isa = PBXFileReference; lastKnownFileType = image.jpeg; path = hrc.jpg; sourceTree = "<group>"; };
		65CA8C52205364D900737854 /* TopicDetailTableViewController.swift */ = {isa = PBXFileReference; lastKnownFileType = sourcecode.swift; path = TopicDetailTableViewController.swift; sourceTree = "<group>"; };
		65CA8C792053FBC200737854 /* leah.jpg */ = {isa = PBXFileReference; lastKnownFileType = image.jpeg; path = leah.jpg; sourceTree = "<group>"; };
		65CA8C7A2053FBC200737854 /* josef.jpg */ = {isa = PBXFileReference; lastKnownFileType = image.jpeg; path = josef.jpg; sourceTree = "<group>"; };
		65CA8C7B2053FBC200737854 /* bara.jpg */ = {isa = PBXFileReference; lastKnownFileType = image.jpeg; path = bara.jpg; sourceTree = "<group>"; };
		65CA8C7C2053FBC300737854 /* sara.jpg */ = {isa = PBXFileReference; lastKnownFileType = image.jpeg; path = sara.jpg; sourceTree = "<group>"; };
		65CA8C7D2053FBC300737854 /* simon.jpg */ = {isa = PBXFileReference; lastKnownFileType = image.jpeg; path = simon.jpg; sourceTree = "<group>"; };
		65CA8C7E2053FBC300737854 /* valentyna.jpg */ = {isa = PBXFileReference; lastKnownFileType = image.jpeg; path = valentyna.jpg; sourceTree = "<group>"; };
		65CA8C85205401A400737854 /* bara-leah.jpg */ = {isa = PBXFileReference; lastKnownFileType = image.jpeg; path = "bara-leah.jpg"; sourceTree = "<group>"; };
		65CA8C872054029900737854 /* barnes.jpg */ = {isa = PBXFileReference; lastKnownFileType = image.jpeg; path = barnes.jpg; sourceTree = "<group>"; };
		65CA8C8C2054226900737854 /* ecosoc2.pdf */ = {isa = PBXFileReference; lastKnownFileType = image.pdf; path = ecosoc2.pdf; sourceTree = "<group>"; };
		65CA8C8D2054226A00737854 /* specpol1.pdf */ = {isa = PBXFileReference; lastKnownFileType = image.pdf; path = specpol1.pdf; sourceTree = "<group>"; };
		65CA8C8E2054226A00737854 /* disec2.pdf */ = {isa = PBXFileReference; lastKnownFileType = image.pdf; path = disec2.pdf; sourceTree = "<group>"; };
		65CA8C8F2054226B00737854 /* imf2.pdf */ = {isa = PBXFileReference; lastKnownFileType = image.pdf; path = imf2.pdf; sourceTree = "<group>"; };
		65CA8C902054226B00737854 /* hsc1.pdf */ = {isa = PBXFileReference; lastKnownFileType = image.pdf; path = hsc1.pdf; sourceTree = "<group>"; };
		65CA8C912054226C00737854 /* au1.pdf */ = {isa = PBXFileReference; lastKnownFileType = image.pdf; path = au1.pdf; sourceTree = "<group>"; };
		65CA8C922054226C00737854 /* hrc1.pdf */ = {isa = PBXFileReference; lastKnownFileType = image.pdf; path = hrc1.pdf; sourceTree = "<group>"; };
		65CA8C932054226C00737854 /* al2.pdf */ = {isa = PBXFileReference; lastKnownFileType = image.pdf; path = al2.pdf; sourceTree = "<group>"; };
		65CA8C942054226C00737854 /* au2.pdf */ = {isa = PBXFileReference; lastKnownFileType = image.pdf; path = au2.pdf; sourceTree = "<group>"; };
		65CA8C952054226C00737854 /* imf1.pdf */ = {isa = PBXFileReference; lastKnownFileType = image.pdf; path = imf1.pdf; sourceTree = "<group>"; };
		65CA8C962054226D00737854 /* disec1.pdf */ = {isa = PBXFileReference; lastKnownFileType = image.pdf; path = disec1.pdf; sourceTree = "<group>"; };
		65CA8C972054226D00737854 /* legal2.pdf */ = {isa = PBXFileReference; lastKnownFileType = image.pdf; path = legal2.pdf; sourceTree = "<group>"; };
		65CA8C982054226D00737854 /* specpol2.pdf */ = {isa = PBXFileReference; lastKnownFileType = image.pdf; path = specpol2.pdf; sourceTree = "<group>"; };
		65CA8C992054226D00737854 /* al1.pdf */ = {isa = PBXFileReference; lastKnownFileType = image.pdf; path = al1.pdf; sourceTree = "<group>"; };
		65CA8C9A2054226D00737854 /* hrc2.pdf */ = {isa = PBXFileReference; lastKnownFileType = image.pdf; path = hrc2.pdf; sourceTree = "<group>"; };
		65CA8C9B2054226E00737854 /* ecosoc1.pdf */ = {isa = PBXFileReference; lastKnownFileType = image.pdf; path = ecosoc1.pdf; sourceTree = "<group>"; };
		65CA8C9C2054226F00737854 /* legal1.pdf */ = {isa = PBXFileReference; lastKnownFileType = image.pdf; path = legal1.pdf; sourceTree = "<group>"; };
		65CA8CAE2054362B00737854 /* fa-facebook@3x.png */ = {isa = PBXFileReference; lastKnownFileType = image.png; path = "fa-facebook@3x.png"; sourceTree = "<group>"; };
		65CA8CAF2054362B00737854 /* fa-instagram@3x.png */ = {isa = PBXFileReference; lastKnownFileType = image.png; path = "fa-instagram@3x.png"; sourceTree = "<group>"; };
		65CA8CB02054362C00737854 /* fa-twitter@3x.png */ = {isa = PBXFileReference; lastKnownFileType = image.png; path = "fa-twitter@3x.png"; sourceTree = "<group>"; };
		65E6E84A1E4BF76C00BE0E9F /* ContactsTableViewController.swift */ = {isa = PBXFileReference; fileEncoding = 4; lastKnownFileType = sourcecode.swift; name = ContactsTableViewController.swift; path = ../ContactsTableViewController.swift; sourceTree = "<group>"; };
/* End PBXFileReference section */

/* Begin PBXFrameworksBuildPhase section */
		65C3F3521E271456002F5052 /* Frameworks */ = {
			isa = PBXFrameworksBuildPhase;
			buildActionMask = 2147483647;
			files = (
				8591D4187AF0F2F01EAA5FC5 /* Pods_PORGMUN.framework in Frameworks */,
			);
			runOnlyForDeploymentPostprocessing = 0;
		};
/* End PBXFrameworksBuildPhase section */

/* Begin PBXGroup section */
		2D6BD1552200B6A9000FBCB5 /* Data */ = {
			isa = PBXGroup;
			children = (
				2D6BD1562200B6BE000FBCB5 /* Committees.plist */,
			);
			path = Data;
			sourceTree = "<group>";
		};
		6519017F1E7590B2009C5A64 /* Fonts */ = {
			isa = PBXGroup;
			children = (
				65CA8C0F20509B9300737854 /* ProximaNova-RegularIt.otf */,
				65CA8C0E20509B9300737854 /* ProximaNova-Regular.otf */,
				65CA8C1020509B9400737854 /* ProximaNova-Semibold.otf */,
				65CA8C1420509FB800737854 /* ProximaNova-Bold.otf */,
				651901821E7591EB009C5A64 /* MyriadPro-Semibold.ttf */,
				651901801E7590DE009C5A64 /* MyriadPro-Regular.otf */,
				65587BC71E75970F00855365 /* MyriadPro-Italic.ttf */,
			);
			name = Fonts;
			sourceTree = "<group>";
		};
		654AE4841E4B766C00564EB4 /* Labels */ = {
			isa = PBXGroup;
			children = (
				65067AAE1E2AA35100750469 /* black.png */,
				65067AAF1E2AA35100750469 /* green.png */,
				65067AB01E2AA35100750469 /* orange.png */,
				65067AB11E2AA35100750469 /* porgmun.png */,
				65067AB21E2AA35100750469 /* purple.png */,
				65067AB31E2AA35100750469 /* red.png */,
				65067AB41E2AA35100750469 /* yellow.png */,
			);
			name = Labels;
			sourceTree = "<group>";
		};
		654AE4861E4B776600564EB4 /* People */ = {
			isa = PBXGroup;
			children = (
				65CA8C7B2053FBC200737854 /* bara.jpg */,
				65CA8C85205401A400737854 /* bara-leah.jpg */,
				65CA8C7A2053FBC200737854 /* josef.jpg */,
				65CA8C792053FBC200737854 /* leah.jpg */,
				65CA8C7C2053FBC300737854 /* sara.jpg */,
				65CA8C7D2053FBC300737854 /* simon.jpg */,
				65CA8C7E2053FBC300737854 /* valentyna.jpg */,
				65CA8C872054029900737854 /* barnes.jpg */,
				65067AC21E2B884400750469 /* Ban-Ki-moon.jpg */,
			);
			name = People;
			sourceTree = "<group>";
		};
		654AE4891E4BBF1600564EB4 /* Icons */ = {
			isa = PBXGroup;
			children = (
				65CA8BFC20507EB600737854 /* calendar.png */,
				65CA8BFE20507EC700737854 /* newspaper.png */,
				65CA8C0020507ECD00737854 /* id-card.png */,
				65CA8C0220507ED400737854 /* hand-shake.png */,
				65CA8C0420507EDA00737854 /* document.png */,
				65CA8C0620507EE200737854 /* speaker-electric.png */,
				65CA8C0A20507EF000737854 /* earth-usa.png */,
				65CA8C0820507EEA00737854 /* text-left.png */,
				65CA8C3720518F7100737854 /* fa-location@3x.png */,
				65CA8C2D20517EF400737854 /* fa-book@3x.png */,
				65CA8C3020517EF500737854 /* fa-calendar@3x.png */,
				65CA8C3120517EF600737854 /* fa-handshake@2x.png */,
				65CA8C2E20517EF400737854 /* fa-id@2x.png */,
				65CA8C2F20517EF500737854 /* fa-newspaper@2x.png */,
				65CA8C392051C87D00737854 /* feather-globe@3x.png */,
				65CA8CAE2054362B00737854 /* fa-facebook@3x.png */,
				65CA8CAF2054362B00737854 /* fa-instagram@3x.png */,
				65CA8CB02054362C00737854 /* fa-twitter@3x.png */,
			);
			name = Icons;
			sourceTree = "<group>";
		};
		65C3F34C1E271455002F5052 = {
			isa = PBXGroup;
			children = (
				6519686C1E27914200F0CD7D /* NovyPorg.gpx */,
				65C3F3571E271456002F5052 /* PORGMUN */,
				65C3F3561E271456002F5052 /* Products */,
				E5159189DE0B0A4E824A01B1 /* Pods */,
				CE4CDDAA8F06BC31257D53B9 /* Frameworks */,
			);
			sourceTree = "<group>";
		};
		65C3F3561E271456002F5052 /* Products */ = {
			isa = PBXGroup;
			children = (
				65C3F3551E271456002F5052 /* PORGMUN.app */,
			);
			name = Products;
			sourceTree = "<group>";
		};
		65C3F3571E271456002F5052 /* PORGMUN */ = {
			isa = PBXGroup;
			children = (
				2D6BD1552200B6A9000FBCB5 /* Data */,
				65C3F3581E271456002F5052 /* AppDelegate.swift */,
				654AE4A41E4BD13B00564EB4 /* TabBarController.swift */,
				65C3F35C1E271456002F5052 /* AgendaViewController.swift */,
				655E39B51E2F80EC00DE1F75 /* MapPointDetailViewController.swift */,
				65ACAB591E628C4D002F0376 /* NewsViewController.swift */,
				65067AA61E28513700750469 /* CommitteesTableViewController.swift */,
				65587BC91E759DAB00855365 /* ConferenceThemeViewController.swift */,
				650199791E64F084003BB3FE /* CommitteesDetailTableViewController.swift */,
				65CA8C52205364D900737854 /* TopicDetailTableViewController.swift */,
				65067AAC1E2A4BCC00750469 /* RulesTableViewController.swift */,
				65067AC01E2AFC7900750469 /* RulesDetailViewController.swift */,
				65E6E84A1E4BF76C00BE0E9F /* ContactsTableViewController.swift */,
				65C3F35E1E271456002F5052 /* Main.storyboard */,
				650DAD871E57A0BE0082A9B4 /* logo@2x.png */,
				65CA8C172051633900737854 /* logo-black@2x.png */,
				654AE4891E4BBF1600564EB4 /* Icons */,
				654AE4861E4B776600564EB4 /* People */,
				65CA8C3B2053049C00737854 /* Committees */,
				65CA8C542053744200737854 /* Documents */,
				654AE4841E4B766C00564EB4 /* Labels */,
				6519017F1E7590B2009C5A64 /* Fonts */,
				65C3F3611E271456002F5052 /* Assets.xcassets */,
				65C3F3661E271456002F5052 /* Info.plist */,
			);
			path = PORGMUN;
			sourceTree = "<group>";
		};
		65CA8C3B2053049C00737854 /* Committees */ = {
			isa = PBXGroup;
			children = (
				65CA8C3C205304BB00737854 /* al.jpg */,
				65CA8C44205304BD00737854 /* au.jpg */,
				65CA8C3F205304BC00737854 /* disec.jpg */,
				65CA8C43205304BD00737854 /* ecosoc.jpg */,
				65CA8C46205304BD00737854 /* hrc.jpg */,
				65CA8C3E205304BC00737854 /* hsc.jpg */,
				65CA8C41205304BC00737854 /* icj.jpg */,
				65CA8C42205304BC00737854 /* imf.jpg */,
				65CA8C45205304BD00737854 /* legal.jpg */,
				65CA8C40205304BC00737854 /* sc.jpg */,
				65CA8C3D205304BB00737854 /* specpol.jpg */,
			);
			name = Committees;
			sourceTree = "<group>";
		};
		65CA8C542053744200737854 /* Documents */ = {
			isa = PBXGroup;
			children = (
				65CA8C992054226D00737854 /* al1.pdf */,
				65CA8C932054226C00737854 /* al2.pdf */,
				65CA8C912054226C00737854 /* au1.pdf */,
				65CA8C942054226C00737854 /* au2.pdf */,
				65CA8C962054226D00737854 /* disec1.pdf */,
				65CA8C8E2054226A00737854 /* disec2.pdf */,
				65CA8C9B2054226E00737854 /* ecosoc1.pdf */,
				65CA8C8C2054226900737854 /* ecosoc2.pdf */,
				65CA8C922054226C00737854 /* hrc1.pdf */,
				65CA8C9A2054226D00737854 /* hrc2.pdf */,
				65CA8C902054226B00737854 /* hsc1.pdf */,
				65CA8C952054226C00737854 /* imf1.pdf */,
				65CA8C8F2054226B00737854 /* imf2.pdf */,
				65CA8C9C2054226F00737854 /* legal1.pdf */,
				65CA8C972054226D00737854 /* legal2.pdf */,
				65CA8C8D2054226A00737854 /* specpol1.pdf */,
				65CA8C982054226D00737854 /* specpol2.pdf */,
			);
			name = Documents;
			sourceTree = "<group>";
		};
		CE4CDDAA8F06BC31257D53B9 /* Frameworks */ = {
			isa = PBXGroup;
			children = (
				18BB6F1C23FEB2BB1618D0B8 /* Pods_PORGMUN.framework */,
			);
			name = Frameworks;
			sourceTree = "<group>";
		};
		E5159189DE0B0A4E824A01B1 /* Pods */ = {
			isa = PBXGroup;
			children = (
				327DABDA035B4B6650C04059 /* Pods-PORGMUN.debug.xcconfig */,
				140A7D1DF4ED71AF8E2E8BA4 /* Pods-PORGMUN.release.xcconfig */,
			);
			name = Pods;
			sourceTree = "<group>";
		};
/* End PBXGroup section */

/* Begin PBXNativeTarget section */
		65C3F3541E271456002F5052 /* PORGMUN */ = {
			isa = PBXNativeTarget;
			buildConfigurationList = 65C3F3691E271456002F5052 /* Build configuration list for PBXNativeTarget "PORGMUN" */;
			buildPhases = (
				EC8BB9FFA056C1EB8D24AA19 /* [CP] Check Pods Manifest.lock */,
				65C3F3511E271456002F5052 /* Sources */,
				65C3F3521E271456002F5052 /* Frameworks */,
				65C3F3531E271456002F5052 /* Resources */,
				D715F4BEA2C406772D29ADE5 /* [CP] Embed Pods Frameworks */,
				3E0A246E6429D9CF42E7F22E /* [CP] Copy Pods Resources */,
			);
			buildRules = (
			);
			dependencies = (
			);
			name = PORGMUN;
			productName = PORGMUN;
			productReference = 65C3F3551E271456002F5052 /* PORGMUN.app */;
			productType = "com.apple.product-type.application";
		};
/* End PBXNativeTarget section */

/* Begin PBXProject section */
		65C3F34D1E271455002F5052 /* Project object */ = {
			isa = PBXProject;
			attributes = {
				LastSwiftUpdateCheck = 0820;
				LastUpgradeCheck = 1010;
				ORGANIZATIONNAME = dhnm;
				TargetAttributes = {
					65C3F3541E271456002F5052 = {
						CreatedOnToolsVersion = 8.2.1;
						DevelopmentTeam = 3349AN7F3T;
						ProvisioningStyle = Automatic;
					};
				};
			};
			buildConfigurationList = 65C3F3501E271455002F5052 /* Build configuration list for PBXProject "PORGMUN" */;
			compatibilityVersion = "Xcode 3.2";
			developmentRegion = English;
			hasScannedForEncodings = 0;
			knownRegions = (
				en,
				Base,
			);
			mainGroup = 65C3F34C1E271455002F5052;
			productRefGroup = 65C3F3561E271456002F5052 /* Products */;
			projectDirPath = "";
			projectRoot = "";
			targets = (
				65C3F3541E271456002F5052 /* PORGMUN */,
			);
		};
/* End PBXProject section */

/* Begin PBXResourcesBuildPhase section */
		65C3F3531E271456002F5052 /* Resources */ = {
			isa = PBXResourcesBuildPhase;
			buildActionMask = 2147483647;
			files = (
				65CA8C802053FBC300737854 /* josef.jpg in Resources */,
				65587BC61E7596D100855365 /* MyriadPro-Semibold.ttf in Resources */,
				65CA8C4D205304BD00737854 /* imf.jpg in Resources */,
				65CA8CA62054226F00737854 /* imf1.pdf in Resources */,
				65CA8C892054098E00737854 /* ProximaNova-Bold.otf in Resources */,
				65CA8CA22054226F00737854 /* au1.pdf in Resources */,
				65CA8CA12054226F00737854 /* hsc1.pdf in Resources */,
				65067AB81E2AA35100750469 /* porgmun.png in Resources */,
				65CA8C0320507ED400737854 /* hand-shake.png in Resources */,
				65CA8C47205304BD00737854 /* al.jpg in Resources */,
				65CA8C4E205304BD00737854 /* ecosoc.jpg in Resources */,
				65CA8C822053FBC300737854 /* sara.jpg in Resources */,
				65CA8C1120509B9400737854 /* ProximaNova-Regular.otf in Resources */,
				65067AB91E2AA35100750469 /* purple.png in Resources */,
				65CA8C182051633900737854 /* logo-black@2x.png in Resources */,
				65CA8CAC2054226F00737854 /* ecosoc1.pdf in Resources */,
				65CA8CA92054226F00737854 /* specpol2.pdf in Resources */,
				65CA8CA52054226F00737854 /* au2.pdf in Resources */,
				65CA8C7F2053FBC300737854 /* leah.jpg in Resources */,
				65CA8C812053FBC300737854 /* bara.jpg in Resources */,
				65CA8C4C205304BD00737854 /* icj.jpg in Resources */,
				65CA8CB32054362C00737854 /* fa-twitter@3x.png in Resources */,
				65CA8C3620517EF600737854 /* fa-handshake@2x.png in Resources */,
				65CA8C3320517EF600737854 /* fa-id@2x.png in Resources */,
				65CA8CAA2054226F00737854 /* al1.pdf in Resources */,
				65067AB71E2AA35100750469 /* orange.png in Resources */,
				65067ABA1E2AA35100750469 /* red.png in Resources */,
				651901811E7590DE009C5A64 /* MyriadPro-Regular.otf in Resources */,
				65CA8C4F205304BD00737854 /* au.jpg in Resources */,
				65CA8C0120507ECD00737854 /* id-card.png in Resources */,
				65CA8C86205401A400737854 /* bara-leah.jpg in Resources */,
				650DAD881E57A0BE0082A9B4 /* logo@2x.png in Resources */,
				65CA8C3820518F7200737854 /* fa-location@3x.png in Resources */,
				65CA8C0B20507EF000737854 /* earth-usa.png in Resources */,
				65CA8CA02054226F00737854 /* imf2.pdf in Resources */,
				65CA8CB12054362C00737854 /* fa-facebook@3x.png in Resources */,
				65CA8C3220517EF600737854 /* fa-book@3x.png in Resources */,
				65CA8CA32054226F00737854 /* hrc1.pdf in Resources */,
				65CA8C1220509B9400737854 /* ProximaNova-RegularIt.otf in Resources */,
				65CA8C882054029A00737854 /* barnes.jpg in Resources */,
				65CA8C3A2051C87D00737854 /* feather-globe@3x.png in Resources */,
				65CA8C832053FBC300737854 /* simon.jpg in Resources */,
				65CA8C51205304BD00737854 /* hrc.jpg in Resources */,
				65CA8C1320509B9400737854 /* ProximaNova-Semibold.otf in Resources */,
				65067AC31E2B884400750469 /* Ban-Ki-moon.jpg in Resources */,
				65CA8CAB2054226F00737854 /* hrc2.pdf in Resources */,
				65CA8BFD20507EB600737854 /* calendar.png in Resources */,
				65CA8C0520507EDB00737854 /* document.png in Resources */,
				6519686D1E27914200F0CD7D /* NovyPorg.gpx in Resources */,
				65C3F3621E271456002F5052 /* Assets.xcassets in Resources */,
				65CA8C9F2054226F00737854 /* disec2.pdf in Resources */,
				65CA8BFF20507EC800737854 /* newspaper.png in Resources */,
				65CA8CAD2054226F00737854 /* legal1.pdf in Resources */,
				65CA8CB22054362C00737854 /* fa-instagram@3x.png in Resources */,
				65CA8C3420517EF600737854 /* fa-newspaper@2x.png in Resources */,
				65067AB51E2AA35100750469 /* black.png in Resources */,
				65CA8C50205304BD00737854 /* legal.jpg in Resources */,
				65CA8CA42054226F00737854 /* al2.pdf in Resources */,
				65CA8C9E2054226F00737854 /* specpol1.pdf in Resources */,
				65067AB61E2AA35100750469 /* green.png in Resources */,
				65CA8CA72054226F00737854 /* disec1.pdf in Resources */,
				65CA8C48205304BD00737854 /* specpol.jpg in Resources */,
				65CA8C0720507EE200737854 /* speaker-electric.png in Resources */,
				65067ABB1E2AA35100750469 /* yellow.png in Resources */,
				65CA8C4A205304BD00737854 /* disec.jpg in Resources */,
				65CA8CA82054226F00737854 /* legal2.pdf in Resources */,
				65CA8C4B205304BD00737854 /* sc.jpg in Resources */,
				65CA8C9D2054226F00737854 /* ecosoc2.pdf in Resources */,
				2D6BD1572200B6BE000FBCB5 /* Committees.plist in Resources */,
				65CA8C0920507EEA00737854 /* text-left.png in Resources */,
				65CA8C842053FBC300737854 /* valentyna.jpg in Resources */,
				65C3F3601E271456002F5052 /* Main.storyboard in Resources */,
				65CA8C49205304BD00737854 /* hsc.jpg in Resources */,
				65587BC81E75970F00855365 /* MyriadPro-Italic.ttf in Resources */,
				65CA8C3520517EF600737854 /* fa-calendar@3x.png in Resources */,
			);
			runOnlyForDeploymentPostprocessing = 0;
		};
/* End PBXResourcesBuildPhase section */

/* Begin PBXShellScriptBuildPhase section */
		3E0A246E6429D9CF42E7F22E /* [CP] Copy Pods Resources */ = {
			isa = PBXShellScriptBuildPhase;
			buildActionMask = 2147483647;
			files = (
			);
			inputPaths = (
			);
			name = "[CP] Copy Pods Resources";
			outputPaths = (
			);
			runOnlyForDeploymentPostprocessing = 0;
			shellPath = /bin/sh;
			shellScript = "\"${SRCROOT}/Pods/Target Support Files/Pods-PORGMUN/Pods-PORGMUN-resources.sh\"\n";
			showEnvVarsInLog = 0;
		};
		D715F4BEA2C406772D29ADE5 /* [CP] Embed Pods Frameworks */ = {
			isa = PBXShellScriptBuildPhase;
			buildActionMask = 2147483647;
			files = (
			);
			inputPaths = (
			);
			name = "[CP] Embed Pods Frameworks";
			outputPaths = (
			);
			runOnlyForDeploymentPostprocessing = 0;
			shellPath = /bin/sh;
			shellScript = "\"${SRCROOT}/Pods/Target Support Files/Pods-PORGMUN/Pods-PORGMUN-frameworks.sh\"\n";
			showEnvVarsInLog = 0;
		};
		EC8BB9FFA056C1EB8D24AA19 /* [CP] Check Pods Manifest.lock */ = {
			isa = PBXShellScriptBuildPhase;
			buildActionMask = 2147483647;
			files = (
			);
			inputPaths = (
			);
			name = "[CP] Check Pods Manifest.lock";
			outputPaths = (
			);
			runOnlyForDeploymentPostprocessing = 0;
			shellPath = /bin/sh;
			shellScript = "diff \"${PODS_ROOT}/../Podfile.lock\" \"${PODS_ROOT}/Manifest.lock\" > /dev/null\nif [ $? != 0 ] ; then\n    # print error to STDERR\n    echo \"error: The sandbox is not in sync with the Podfile.lock. Run 'pod install' or update your CocoaPods installation.\" >&2\n    exit 1\nfi\n";
			showEnvVarsInLog = 0;
		};
/* End PBXShellScriptBuildPhase section */

/* Begin PBXSourcesBuildPhase section */
		65C3F3511E271456002F5052 /* Sources */ = {
			isa = PBXSourcesBuildPhase;
			buildActionMask = 2147483647;
			files = (
				65CA8C53205364D900737854 /* TopicDetailTableViewController.swift in Sources */,
				65067AAD1E2A4BCC00750469 /* RulesTableViewController.swift in Sources */,
				65067AA71E28513700750469 /* CommitteesTableViewController.swift in Sources */,
				65E6E84B1E4BF76C00BE0E9F /* ContactsTableViewController.swift in Sources */,
				65ACAB5A1E628C4E002F0376 /* NewsViewController.swift in Sources */,
				654AE4A51E4BD13B00564EB4 /* TabBarController.swift in Sources */,
				65587BCA1E759DAB00855365 /* ConferenceThemeViewController.swift in Sources */,
				655E39B61E2F80EC00DE1F75 /* MapPointDetailViewController.swift in Sources */,
				65C3F35D1E271456002F5052 /* AgendaViewController.swift in Sources */,
				65C3F3591E271456002F5052 /* AppDelegate.swift in Sources */,
				65067AC11E2AFC7900750469 /* RulesDetailViewController.swift in Sources */,
				6501997A1E64F084003BB3FE /* CommitteesDetailTableViewController.swift in Sources */,
			);
			runOnlyForDeploymentPostprocessing = 0;
		};
/* End PBXSourcesBuildPhase section */

/* Begin PBXVariantGroup section */
		65C3F35E1E271456002F5052 /* Main.storyboard */ = {
			isa = PBXVariantGroup;
			children = (
				65C3F35F1E271456002F5052 /* Base */,
			);
			name = Main.storyboard;
			sourceTree = "<group>";
		};
/* End PBXVariantGroup section */

/* Begin XCBuildConfiguration section */
		65C3F3671E271456002F5052 /* Debug */ = {
			isa = XCBuildConfiguration;
			buildSettings = {
				ALWAYS_SEARCH_USER_PATHS = NO;
				CLANG_ANALYZER_NONNULL = YES;
				CLANG_CXX_LANGUAGE_STANDARD = "gnu++0x";
				CLANG_CXX_LIBRARY = "libc++";
				CLANG_ENABLE_MODULES = YES;
				CLANG_ENABLE_OBJC_ARC = YES;
				CLANG_WARN_BLOCK_CAPTURE_AUTORELEASING = YES;
				CLANG_WARN_BOOL_CONVERSION = YES;
				CLANG_WARN_COMMA = YES;
				CLANG_WARN_CONSTANT_CONVERSION = YES;
				CLANG_WARN_DEPRECATED_OBJC_IMPLEMENTATIONS = YES;
				CLANG_WARN_DIRECT_OBJC_ISA_USAGE = YES_ERROR;
				CLANG_WARN_DOCUMENTATION_COMMENTS = YES;
				CLANG_WARN_EMPTY_BODY = YES;
				CLANG_WARN_ENUM_CONVERSION = YES;
				CLANG_WARN_INFINITE_RECURSION = YES;
				CLANG_WARN_INT_CONVERSION = YES;
				CLANG_WARN_NON_LITERAL_NULL_CONVERSION = YES;
				CLANG_WARN_OBJC_IMPLICIT_RETAIN_SELF = YES;
				CLANG_WARN_OBJC_LITERAL_CONVERSION = YES;
				CLANG_WARN_OBJC_ROOT_CLASS = YES_ERROR;
				CLANG_WARN_RANGE_LOOP_ANALYSIS = YES;
				CLANG_WARN_STRICT_PROTOTYPES = YES;
				CLANG_WARN_SUSPICIOUS_MOVE = YES;
				CLANG_WARN_UNREACHABLE_CODE = YES;
				CLANG_WARN__DUPLICATE_METHOD_MATCH = YES;
				"CODE_SIGN_IDENTITY[sdk=iphoneos*]" = "iPhone Developer";
				COPY_PHASE_STRIP = NO;
				DEBUG_INFORMATION_FORMAT = dwarf;
				ENABLE_STRICT_OBJC_MSGSEND = YES;
				ENABLE_TESTABILITY = YES;
				GCC_C_LANGUAGE_STANDARD = gnu99;
				GCC_DYNAMIC_NO_PIC = NO;
				GCC_NO_COMMON_BLOCKS = YES;
				GCC_OPTIMIZATION_LEVEL = 0;
				GCC_PREPROCESSOR_DEFINITIONS = (
					"DEBUG=1",
					"$(inherited)",
				);
				GCC_WARN_64_TO_32_BIT_CONVERSION = YES;
				GCC_WARN_ABOUT_RETURN_TYPE = YES_ERROR;
				GCC_WARN_UNDECLARED_SELECTOR = YES;
				GCC_WARN_UNINITIALIZED_AUTOS = YES_AGGRESSIVE;
				GCC_WARN_UNUSED_FUNCTION = YES;
				GCC_WARN_UNUSED_VARIABLE = YES;
				IPHONEOS_DEPLOYMENT_TARGET = 9.0;
				MTL_ENABLE_DEBUG_INFO = YES;
				ONLY_ACTIVE_ARCH = YES;
				SDKROOT = iphoneos;
				SWIFT_ACTIVE_COMPILATION_CONDITIONS = DEBUG;
				SWIFT_OPTIMIZATION_LEVEL = "-Onone";
			};
			name = Debug;
		};
		65C3F3681E271456002F5052 /* Release */ = {
			isa = XCBuildConfiguration;
			buildSettings = {
				ALWAYS_SEARCH_USER_PATHS = NO;
				CLANG_ANALYZER_NONNULL = YES;
				CLANG_CXX_LANGUAGE_STANDARD = "gnu++0x";
				CLANG_CXX_LIBRARY = "libc++";
				CLANG_ENABLE_MODULES = YES;
				CLANG_ENABLE_OBJC_ARC = YES;
				CLANG_WARN_BLOCK_CAPTURE_AUTORELEASING = YES;
				CLANG_WARN_BOOL_CONVERSION = YES;
				CLANG_WARN_COMMA = YES;
				CLANG_WARN_CONSTANT_CONVERSION = YES;
				CLANG_WARN_DEPRECATED_OBJC_IMPLEMENTATIONS = YES;
				CLANG_WARN_DIRECT_OBJC_ISA_USAGE = YES_ERROR;
				CLANG_WARN_DOCUMENTATION_COMMENTS = YES;
				CLANG_WARN_EMPTY_BODY = YES;
				CLANG_WARN_ENUM_CONVERSION = YES;
				CLANG_WARN_INFINITE_RECURSION = YES;
				CLANG_WARN_INT_CONVERSION = YES;
				CLANG_WARN_NON_LITERAL_NULL_CONVERSION = YES;
				CLANG_WARN_OBJC_IMPLICIT_RETAIN_SELF = YES;
				CLANG_WARN_OBJC_LITERAL_CONVERSION = YES;
				CLANG_WARN_OBJC_ROOT_CLASS = YES_ERROR;
				CLANG_WARN_RANGE_LOOP_ANALYSIS = YES;
				CLANG_WARN_STRICT_PROTOTYPES = YES;
				CLANG_WARN_SUSPICIOUS_MOVE = YES;
				CLANG_WARN_UNREACHABLE_CODE = YES;
				CLANG_WARN__DUPLICATE_METHOD_MATCH = YES;
				"CODE_SIGN_IDENTITY[sdk=iphoneos*]" = "iPhone Developer";
				COPY_PHASE_STRIP = NO;
				DEBUG_INFORMATION_FORMAT = "dwarf-with-dsym";
				ENABLE_NS_ASSERTIONS = NO;
				ENABLE_STRICT_OBJC_MSGSEND = YES;
				GCC_C_LANGUAGE_STANDARD = gnu99;
				GCC_NO_COMMON_BLOCKS = YES;
				GCC_WARN_64_TO_32_BIT_CONVERSION = YES;
				GCC_WARN_ABOUT_RETURN_TYPE = YES_ERROR;
				GCC_WARN_UNDECLARED_SELECTOR = YES;
				GCC_WARN_UNINITIALIZED_AUTOS = YES_AGGRESSIVE;
				GCC_WARN_UNUSED_FUNCTION = YES;
				GCC_WARN_UNUSED_VARIABLE = YES;
				IPHONEOS_DEPLOYMENT_TARGET = 9.0;
				MTL_ENABLE_DEBUG_INFO = NO;
				SDKROOT = iphoneos;
				SWIFT_OPTIMIZATION_LEVEL = "-Owholemodule";
				VALIDATE_PRODUCT = YES;
			};
			name = Release;
		};
		65C3F36A1E271456002F5052 /* Debug */ = {
			isa = XCBuildConfiguration;
			baseConfigurationReference = 327DABDA035B4B6650C04059 /* Pods-PORGMUN.debug.xcconfig */;
			buildSettings = {
				ASSETCATALOG_COMPILER_APPICON_NAME = AppIcon;
				ASSETCATALOG_COMPILER_LAUNCHIMAGE_NAME = LaunchImage;
				DEVELOPMENT_TEAM = 3349AN7F3T;
				FRAMEWORK_SEARCH_PATHS = (
					"$(inherited)",
					"$(PROJECT_DIR)",
				);
				INFOPLIST_FILE = PORGMUN/Info.plist;
				IPHONEOS_DEPLOYMENT_TARGET = 9.0;
				LD_RUNPATH_SEARCH_PATHS = "$(inherited) @executable_path/Frameworks";
				PRODUCT_BUNDLE_IDENTIFIER = cz.porgmun;
				PRODUCT_NAME = "$(TARGET_NAME)";
				SWIFT_VERSION = 4.2;
			};
			name = Debug;
		};
		65C3F36B1E271456002F5052 /* Release */ = {
			isa = XCBuildConfiguration;
			baseConfigurationReference = 140A7D1DF4ED71AF8E2E8BA4 /* Pods-PORGMUN.release.xcconfig */;
			buildSettings = {
				ASSETCATALOG_COMPILER_APPICON_NAME = AppIcon;
				ASSETCATALOG_COMPILER_LAUNCHIMAGE_NAME = LaunchImage;
				DEVELOPMENT_TEAM = 3349AN7F3T;
				FRAMEWORK_SEARCH_PATHS = (
					"$(inherited)",
					"$(PROJECT_DIR)",
				);
				INFOPLIST_FILE = PORGMUN/Info.plist;
				IPHONEOS_DEPLOYMENT_TARGET = 9.0;
				LD_RUNPATH_SEARCH_PATHS = "$(inherited) @executable_path/Frameworks";
				PRODUCT_BUNDLE_IDENTIFIER = cz.porgmun;
				PRODUCT_NAME = "$(TARGET_NAME)";
				SWIFT_VERSION = 4.2;
			};
			name = Release;
		};
/* End XCBuildConfiguration section */

/* Begin XCConfigurationList section */
		65C3F3501E271455002F5052 /* Build configuration list for PBXProject "PORGMUN" */ = {
			isa = XCConfigurationList;
			buildConfigurations = (
				65C3F3671E271456002F5052 /* Debug */,
				65C3F3681E271456002F5052 /* Release */,
			);
			defaultConfigurationIsVisible = 0;
			defaultConfigurationName = Release;
		};
		65C3F3691E271456002F5052 /* Build configuration list for PBXNativeTarget "PORGMUN" */ = {
			isa = XCConfigurationList;
			buildConfigurations = (
				65C3F36A1E271456002F5052 /* Debug */,
				65C3F36B1E271456002F5052 /* Release */,
			);
			defaultConfigurationIsVisible = 0;
			defaultConfigurationName = Release;
		};
/* End XCConfigurationList section */
	};
	rootObject = 65C3F34D1E271455002F5052 /* Project object */;
}
